
Microsoft Visual Studio Solution File, Format Version 12.00
# Visual Studio Version 17
VisualStudioVersion = 17.14.36127.28 d17.14
MinimumVisualStudioVersion = 10.0.40219.1
Project("{FAE04EC0-301F-11D3-BF4B-00C04F79EFBC}") = "server1", "server1.csproj", "{9BFAA663-003B-40A7-8791-392A0D8F3BAA}"
EndProject
Global
	GlobalSection(SolutionConfigurationPlatforms) = preSolution
		Debug|Any CPU = Debug|Any CPU
		Release|Any CPU = Release|Any CPU
	EndGlobalSection
	GlobalSection(ProjectConfigurationPlatforms) = postSolution
		{9BFAA663-003B-40A7-8791-392A0D8F3BAA}.Debug|Any CPU.ActiveCfg = Debug|Any CPU
		{9BFAA663-003B-40A7-8791-392A0D8F3BAA}.Debug|Any CPU.Build.0 = Debug|Any CPU
		{9BFAA663-003B-40A7-8791-392A0D8F3BAA}.Release|Any CPU.ActiveCfg = Release|Any CPU
		{9BFAA663-003B-40A7-8791-392A0D8F3BAA}.Release|Any CPU.Build.0 = Release|Any CPU
	EndGlobalSection
	GlobalSection(SolutionProperties) = preSolution
		HideSolutionNode = FALSE
	EndGlobalSection
	GlobalSection(ExtensibilityGlobals) = postSolution
		SolutionGuid = {CEE31D03-D9B6-481D-BD4B-F06F94E3BF0C}
	EndGlobalSection
EndGlobal
